
Microsoft Visual Studio Solution File, Format Version 12.00
# Visual Studio Version 17
VisualStudioVersion = 17.0.32112.339
MinimumVisualStudioVersion = 10.0.40219.1
Project("{9A19103F-16F7-4668-BE54-9A1E7A4F7556}") = "Codec.Library", "Codec.Library\Codec.Library.csproj", "{316986A7-5F9B-497B-88EF-32E77246B1F2}"
EndProject
Project("{9A19103F-16F7-4668-BE54-9A1E7A4F7556}") = "Codec.Tests", "Codec.Tests\Codec.Tests.csproj", "{F518D235-56A7-4639-8691-6C2D6C5183EB}"
EndProject
Project("{FAE04EC0-301F-11D3-BF4B-00C04F79EFBC}") = "Codec.Console", "Codec.Console\Codec.Console.csproj", "{8D4497C5-CE17-4902-BBD4-4A54735EF4E5}"
EndProject
Global
	GlobalSection(SolutionConfigurationPlatforms) = preSolution
		Debug|Any CPU = Debug|Any CPU
		Release|Any CPU = Release|Any CPU
	EndGlobalSection
	GlobalSection(ProjectConfigurationPlatforms) = postSolution
		{316986A7-5F9B-497B-88EF-32E77246B1F2}.Debug|Any CPU.ActiveCfg = Debug|Any CPU
		{316986A7-5F9B-497B-88EF-32E77246B1F2}.Debug|Any CPU.Build.0 = Debug|Any CPU
		{316986A7-5F9B-497B-88EF-32E77246B1F2}.Release|Any CPU.ActiveCfg = Release|Any CPU
		{316986A7-5F9B-497B-88EF-32E77246B1F2}.Release|Any CPU.Build.0 = Release|Any CPU
		{F518D235-56A7-4639-8691-6C2D6C5183EB}.Debug|Any CPU.ActiveCfg = Debug|Any CPU
		{F518D235-56A7-4639-8691-6C2D6C5183EB}.Debug|Any CPU.Build.0 = Debug|Any CPU
		{F518D235-56A7-4639-8691-6C2D6C5183EB}.Release|Any CPU.ActiveCfg = Release|Any CPU
		{F518D235-56A7-4639-8691-6C2D6C5183EB}.Release|Any CPU.Build.0 = Release|Any CPU
		{8D4497C5-CE17-4902-BBD4-4A54735EF4E5}.Debug|Any CPU.ActiveCfg = Debug|Any CPU
		{8D4497C5-CE17-4902-BBD4-4A54735EF4E5}.Debug|Any CPU.Build.0 = Debug|Any CPU
		{8D4497C5-CE17-4902-BBD4-4A54735EF4E5}.Release|Any CPU.ActiveCfg = Release|Any CPU
		{8D4497C5-CE17-4902-BBD4-4A54735EF4E5}.Release|Any CPU.Build.0 = Release|Any CPU
	EndGlobalSection
	GlobalSection(SolutionProperties) = preSolution
		HideSolutionNode = FALSE
	EndGlobalSection
	GlobalSection(ExtensibilityGlobals) = postSolution
		SolutionGuid = {DBBCB1CE-D956-468E-AAF5-B0647539D66D}
	EndGlobalSection
EndGlobal
